
Microsoft Visual Studio Solution File, Format Version 12.00
Project("{FAE04EC0-301F-11D3-BF4B-00C04F79EFBC}") = "OpenInWSA", "OpenInWSA\OpenInWSA.csproj", "{C9488B02-7340-450A-9CA5-D656435B919D}"
EndProject
Global
	GlobalSection(SolutionConfigurationPlatforms) = preSolution
		Debug|Any CPU = Debug|Any CPU
		Release|Any CPU = Release|Any CPU
	EndGlobalSection
	GlobalSection(ProjectConfigurationPlatforms) = postSolution
		{C9488B02-7340-450A-9CA5-D656435B919D}.Debug|Any CPU.ActiveCfg = Debug|Any CPU
		{C9488B02-7340-450A-9CA5-D656435B919D}.Debug|Any CPU.Build.0 = Debug|Any CPU
		{C9488B02-7340-450A-9CA5-D656435B919D}.Release|Any CPU.ActiveCfg = Release|Any CPU
		{C9488B02-7340-450A-9CA5-D656435B919D}.Release|Any CPU.Build.0 = Release|Any CPU
	EndGlobalSection
EndGlobal
